
Microsoft Visual Studio Solution File, Format Version 12.00
# Visual Studio Version 17
VisualStudioVersion = 17.7.34202.233
MinimumVisualStudioVersion = 10.0.40219.1
Project("{FAE04EC0-301F-11D3-BF4B-00C04F79EFBC}") = "ClubTagsag_ConsoleApp", "ClubTagsag_ConsoleApp\ClubTagsag_ConsoleApp.csproj", "{B4A8FFAA-BE18-42FB-9178-50E661F8900B}"
EndProject
Project("{FAE04EC0-301F-11D3-BF4B-00C04F79EFBC}") = "ClubTagsag_WinForms", "ClubTagsag_WinForms\ClubTagsag_WinForms.csproj", "{C313BB8D-8D3B-403D-B28D-1327364274EA}"
EndProject
Global
	GlobalSection(SolutionConfigurationPlatforms) = preSolution
		Debug|Any CPU = Debug|Any CPU
		Release|Any CPU = Release|Any CPU
	EndGlobalSection
	GlobalSection(ProjectConfigurationPlatforms) = postSolution
		{B4A8FFAA-BE18-42FB-9178-50E661F8900B}.Debug|Any CPU.ActiveCfg = Debug|Any CPU
		{B4A8FFAA-BE18-42FB-9178-50E661F8900B}.Debug|Any CPU.Build.0 = Debug|Any CPU
		{B4A8FFAA-BE18-42FB-9178-50E661F8900B}.Release|Any CPU.ActiveCfg = Release|Any CPU
		{B4A8FFAA-BE18-42FB-9178-50E661F8900B}.Release|Any CPU.Build.0 = Release|Any CPU
		{C313BB8D-8D3B-403D-B28D-1327364274EA}.Debug|Any CPU.ActiveCfg = Debug|Any CPU
		{C313BB8D-8D3B-403D-B28D-1327364274EA}.Debug|Any CPU.Build.0 = Debug|Any CPU
		{C313BB8D-8D3B-403D-B28D-1327364274EA}.Release|Any CPU.ActiveCfg = Release|Any CPU
		{C313BB8D-8D3B-403D-B28D-1327364274EA}.Release|Any CPU.Build.0 = Release|Any CPU
	EndGlobalSection
	GlobalSection(SolutionProperties) = preSolution
		HideSolutionNode = FALSE
	EndGlobalSection
	GlobalSection(ExtensibilityGlobals) = postSolution
		SolutionGuid = {77DD101B-7818-40FF-93BF-47B4D10F93ED}
	EndGlobalSection
EndGlobal
